
Microsoft Visual Studio Solution File, Format Version 12.00
# Visual Studio Version 17
VisualStudioVersion = 17.4.33110.190
MinimumVisualStudioVersion = 10.0.40219.1
Project("{FAE04EC0-301F-11D3-BF4B-00C04F79EFBC}") = "AD.Mono.Pong.Runner", "AD.Mono.Pong.Runner\AD.Mono.Pong.Runner.csproj", "{AD15ADDF-F1D0-4078-A11D-74C2FD607EEF}"
EndProject
Global
	GlobalSection(SolutionConfigurationPlatforms) = preSolution
		Debug|Any CPU = Debug|Any CPU
		Release|Any CPU = Release|Any CPU
	EndGlobalSection
	GlobalSection(ProjectConfigurationPlatforms) = postSolution
		{AD15ADDF-F1D0-4078-A11D-74C2FD607EEF}.Debug|Any CPU.ActiveCfg = Debug|Any CPU
		{AD15ADDF-F1D0-4078-A11D-74C2FD607EEF}.Debug|Any CPU.Build.0 = Debug|Any CPU
		{AD15ADDF-F1D0-4078-A11D-74C2FD607EEF}.Release|Any CPU.ActiveCfg = Release|Any CPU
		{AD15ADDF-F1D0-4078-A11D-74C2FD607EEF}.Release|Any CPU.Build.0 = Release|Any CPU
	EndGlobalSection
	GlobalSection(SolutionProperties) = preSolution
		HideSolutionNode = FALSE
	EndGlobalSection
	GlobalSection(ExtensibilityGlobals) = postSolution
		SolutionGuid = {4AD7BDA1-BE15-434B-B2FF-B632F2956589}
	EndGlobalSection
EndGlobal
